
Microsoft Visual Studio Solution File, Format Version 12.00
# Visual Studio Version 17
VisualStudioVersion = 17.9.34714.143
MinimumVisualStudioVersion = 10.0.40219.1
Project("{FAE04EC0-301F-11D3-BF4B-00C04F79EFBC}") = "ProyectoSistemas", "ProyectoSistemas\ProyectoSistemas.csproj", "{BBD442AD-D1A8-4CE3-9BB6-5784DB71CADE}"
EndProject
Project("{FAE04EC0-301F-11D3-BF4B-00C04F79EFBC}") = "Conexion", "Conexion\Conexion.csproj", "{D98D29CB-D779-4AF0-897E-D0665CF79E1C}"
EndProject
Project("{FAE04EC0-301F-11D3-BF4B-00C04F79EFBC}") = "Clases", "Clases\Clases.csproj", "{9674582C-5F82-467A-8F33-EE633C6AB85E}"
EndProject
Global
	GlobalSection(SolutionConfigurationPlatforms) = preSolution
		Debug|Any CPU = Debug|Any CPU
		Release|Any CPU = Release|Any CPU
	EndGlobalSection
	GlobalSection(ProjectConfigurationPlatforms) = postSolution
		{BBD442AD-D1A8-4CE3-9BB6-5784DB71CADE}.Debug|Any CPU.ActiveCfg = Debug|Any CPU
		{BBD442AD-D1A8-4CE3-9BB6-5784DB71CADE}.Debug|Any CPU.Build.0 = Debug|Any CPU
		{BBD442AD-D1A8-4CE3-9BB6-5784DB71CADE}.Release|Any CPU.ActiveCfg = Release|Any CPU
		{BBD442AD-D1A8-4CE3-9BB6-5784DB71CADE}.Release|Any CPU.Build.0 = Release|Any CPU
		{D98D29CB-D779-4AF0-897E-D0665CF79E1C}.Debug|Any CPU.ActiveCfg = Debug|Any CPU
		{D98D29CB-D779-4AF0-897E-D0665CF79E1C}.Debug|Any CPU.Build.0 = Debug|Any CPU
		{D98D29CB-D779-4AF0-897E-D0665CF79E1C}.Release|Any CPU.ActiveCfg = Release|Any CPU
		{D98D29CB-D779-4AF0-897E-D0665CF79E1C}.Release|Any CPU.Build.0 = Release|Any CPU
		{9674582C-5F82-467A-8F33-EE633C6AB85E}.Debug|Any CPU.ActiveCfg = Debug|Any CPU
		{9674582C-5F82-467A-8F33-EE633C6AB85E}.Debug|Any CPU.Build.0 = Debug|Any CPU
		{9674582C-5F82-467A-8F33-EE633C6AB85E}.Release|Any CPU.ActiveCfg = Release|Any CPU
		{9674582C-5F82-467A-8F33-EE633C6AB85E}.Release|Any CPU.Build.0 = Release|Any CPU
	EndGlobalSection
	GlobalSection(SolutionProperties) = preSolution
		HideSolutionNode = FALSE
	EndGlobalSection
	GlobalSection(ExtensibilityGlobals) = postSolution
		SolutionGuid = {65AD6984-9910-49C1-981E-68258006B830}
	EndGlobalSection
EndGlobal
